
Microsoft Visual Studio Solution File, Format Version 12.00
# Visual Studio 15
VisualStudioVersion = 15.0.26124.0
MinimumVisualStudioVersion = 15.0.26124.0
Project("{FAE04EC0-301F-11D3-BF4B-00C04F79EFBC}") = "Domain", "Domain\Domain.csproj", "{D4E6FD0C-4382-41E5-AB79-E16BDF075104}"
EndProject
Project("{FAE04EC0-301F-11D3-BF4B-00C04F79EFBC}") = "Application", "Application\Application.csproj", "{D9274E7B-30BD-47F7-8EF4-DE0D168675FE}"
EndProject
Project("{FAE04EC0-301F-11D3-BF4B-00C04F79EFBC}") = "Persistence", "Persistence\Persistence.csproj", "{68E85621-03E9-4EE0-9AD8-0F14288A88ED}"
EndProject
Project("{FAE04EC0-301F-11D3-BF4B-00C04F79EFBC}") = "API", "API\API.csproj", "{FEADD181-C6BE-4EA0-BED0-93068264620A}"
EndProject
Global
	GlobalSection(SolutionConfigurationPlatforms) = preSolution
		Debug|Any CPU = Debug|Any CPU
		Debug|x64 = Debug|x64
		Debug|x86 = Debug|x86
		Release|Any CPU = Release|Any CPU
		Release|x64 = Release|x64
		Release|x86 = Release|x86
	EndGlobalSection
	GlobalSection(SolutionProperties) = preSolution
		HideSolutionNode = FALSE
	EndGlobalSection
	GlobalSection(ProjectConfigurationPlatforms) = postSolution
		{D4E6FD0C-4382-41E5-AB79-E16BDF075104}.Debug|Any CPU.ActiveCfg = Debug|Any CPU
		{D4E6FD0C-4382-41E5-AB79-E16BDF075104}.Debug|Any CPU.Build.0 = Debug|Any CPU
		{D4E6FD0C-4382-41E5-AB79-E16BDF075104}.Debug|x64.ActiveCfg = Debug|Any CPU
		{D4E6FD0C-4382-41E5-AB79-E16BDF075104}.Debug|x64.Build.0 = Debug|Any CPU
		{D4E6FD0C-4382-41E5-AB79-E16BDF075104}.Debug|x86.ActiveCfg = Debug|Any CPU
		{D4E6FD0C-4382-41E5-AB79-E16BDF075104}.Debug|x86.Build.0 = Debug|Any CPU
		{D4E6FD0C-4382-41E5-AB79-E16BDF075104}.Release|Any CPU.ActiveCfg = Release|Any CPU
		{D4E6FD0C-4382-41E5-AB79-E16BDF075104}.Release|Any CPU.Build.0 = Release|Any CPU
		{D4E6FD0C-4382-41E5-AB79-E16BDF075104}.Release|x64.ActiveCfg = Release|Any CPU
		{D4E6FD0C-4382-41E5-AB79-E16BDF075104}.Release|x64.Build.0 = Release|Any CPU
		{D4E6FD0C-4382-41E5-AB79-E16BDF075104}.Release|x86.ActiveCfg = Release|Any CPU
		{D4E6FD0C-4382-41E5-AB79-E16BDF075104}.Release|x86.Build.0 = Release|Any CPU
		{D9274E7B-30BD-47F7-8EF4-DE0D168675FE}.Debug|Any CPU.ActiveCfg = Debug|Any CPU
		{D9274E7B-30BD-47F7-8EF4-DE0D168675FE}.Debug|Any CPU.Build.0 = Debug|Any CPU
		{D9274E7B-30BD-47F7-8EF4-DE0D168675FE}.Debug|x64.ActiveCfg = Debug|Any CPU
		{D9274E7B-30BD-47F7-8EF4-DE0D168675FE}.Debug|x64.Build.0 = Debug|Any CPU
		{D9274E7B-30BD-47F7-8EF4-DE0D168675FE}.Debug|x86.ActiveCfg = Debug|Any CPU
		{D9274E7B-30BD-47F7-8EF4-DE0D168675FE}.Debug|x86.Build.0 = Debug|Any CPU
		{D9274E7B-30BD-47F7-8EF4-DE0D168675FE}.Release|Any CPU.ActiveCfg = Release|Any CPU
		{D9274E7B-30BD-47F7-8EF4-DE0D168675FE}.Release|Any CPU.Build.0 = Release|Any CPU
		{D9274E7B-30BD-47F7-8EF4-DE0D168675FE}.Release|x64.ActiveCfg = Release|Any CPU
		{D9274E7B-30BD-47F7-8EF4-DE0D168675FE}.Release|x64.Build.0 = Release|Any CPU
		{D9274E7B-30BD-47F7-8EF4-DE0D168675FE}.Release|x86.ActiveCfg = Release|Any CPU
		{D9274E7B-30BD-47F7-8EF4-DE0D168675FE}.Release|x86.Build.0 = Release|Any CPU
		{68E85621-03E9-4EE0-9AD8-0F14288A88ED}.Debug|Any CPU.ActiveCfg = Debug|Any CPU
		{68E85621-03E9-4EE0-9AD8-0F14288A88ED}.Debug|Any CPU.Build.0 = Debug|Any CPU
		{68E85621-03E9-4EE0-9AD8-0F14288A88ED}.Debug|x64.ActiveCfg = Debug|Any CPU
		{68E85621-03E9-4EE0-9AD8-0F14288A88ED}.Debug|x64.Build.0 = Debug|Any CPU
		{68E85621-03E9-4EE0-9AD8-0F14288A88ED}.Debug|x86.ActiveCfg = Debug|Any CPU
		{68E85621-03E9-4EE0-9AD8-0F14288A88ED}.Debug|x86.Build.0 = Debug|Any CPU
		{68E85621-03E9-4EE0-9AD8-0F14288A88ED}.Release|Any CPU.ActiveCfg = Release|Any CPU
		{68E85621-03E9-4EE0-9AD8-0F14288A88ED}.Release|Any CPU.Build.0 = Release|Any CPU
		{68E85621-03E9-4EE0-9AD8-0F14288A88ED}.Release|x64.ActiveCfg = Release|Any CPU
		{68E85621-03E9-4EE0-9AD8-0F14288A88ED}.Release|x64.Build.0 = Release|Any CPU
		{68E85621-03E9-4EE0-9AD8-0F14288A88ED}.Release|x86.ActiveCfg = Release|Any CPU
		{68E85621-03E9-4EE0-9AD8-0F14288A88ED}.Release|x86.Build.0 = Release|Any CPU
		{FEADD181-C6BE-4EA0-BED0-93068264620A}.Debug|Any CPU.ActiveCfg = Debug|Any CPU
		{FEADD181-C6BE-4EA0-BED0-93068264620A}.Debug|Any CPU.Build.0 = Debug|Any CPU
		{FEADD181-C6BE-4EA0-BED0-93068264620A}.Debug|x64.ActiveCfg = Debug|Any CPU
		{FEADD181-C6BE-4EA0-BED0-93068264620A}.Debug|x64.Build.0 = Debug|Any CPU
		{FEADD181-C6BE-4EA0-BED0-93068264620A}.Debug|x86.ActiveCfg = Debug|Any CPU
		{FEADD181-C6BE-4EA0-BED0-93068264620A}.Debug|x86.Build.0 = Debug|Any CPU
		{FEADD181-C6BE-4EA0-BED0-93068264620A}.Release|Any CPU.ActiveCfg = Release|Any CPU
		{FEADD181-C6BE-4EA0-BED0-93068264620A}.Release|Any CPU.Build.0 = Release|Any CPU
		{FEADD181-C6BE-4EA0-BED0-93068264620A}.Release|x64.ActiveCfg = Release|Any CPU
		{FEADD181-C6BE-4EA0-BED0-93068264620A}.Release|x64.Build.0 = Release|Any CPU
		{FEADD181-C6BE-4EA0-BED0-93068264620A}.Release|x86.ActiveCfg = Release|Any CPU
		{FEADD181-C6BE-4EA0-BED0-93068264620A}.Release|x86.Build.0 = Release|Any CPU
	EndGlobalSection
EndGlobal
